// !$*UTF8*$!
{
	archiveVersion = 1;
	classes = {
	};
	objectVersion = 50;
	objects = {

/* Begin PBXBuildFile section */
		18F5C1E92546773900C7B952 /* AppDelegate.swift in Sources */ = {isa = PBXBuildFile; fileRef = 18F5C1E82546773900C7B952 /* AppDelegate.swift */; };
		18F5C1EB2546773900C7B952 /* SceneDelegate.swift in Sources */ = {isa = PBXBuildFile; fileRef = 18F5C1EA2546773900C7B952 /* SceneDelegate.swift */; };
		18F5C1ED2546773900C7B952 /* ViewController.swift in Sources */ = {isa = PBXBuildFile; fileRef = 18F5C1EC2546773900C7B952 /* ViewController.swift */; };
		18F5C1F02546773900C7B952 /* Main.storyboard in Resources */ = {isa = PBXBuildFile; fileRef = 18F5C1EE2546773900C7B952 /* Main.storyboard */; };
		18F5C1F22546773B00C7B952 /* Assets.xcassets in Resources */ = {isa = PBXBuildFile; fileRef = 18F5C1F12546773B00C7B952 /* Assets.xcassets */; };
		18F5C1F52546773B00C7B952 /* LaunchScreen.storyboard in Resources */ = {isa = PBXBuildFile; fileRef = 18F5C1F32546773B00C7B952 /* LaunchScreen.storyboard */; };
		18F5C2082546828A00C7B952 /* A.wav in Resources */ = {isa = PBXBuildFile; fileRef = 18F5C2012546828A00C7B952 /* A.wav */; };
		18F5C2092546828A00C7B952 /* C.wav in Resources */ = {isa = PBXBuildFile; fileRef = 18F5C2022546828A00C7B952 /* C.wav */; };
		18F5C20A2546828A00C7B952 /* B.wav in Resources */ = {isa = PBXBuildFile; fileRef = 18F5C2032546828A00C7B952 /* B.wav */; };
		18F5C20B2546828A00C7B952 /* F.wav in Resources */ = {isa = PBXBuildFile; fileRef = 18F5C2042546828A00C7B952 /* F.wav */; };
		18F5C20C2546828A00C7B952 /* G.wav in Resources */ = {isa = PBXBuildFile; fileRef = 18F5C2052546828A00C7B952 /* G.wav */; };
		18F5C20D2546828A00C7B952 /* E.wav in Resources */ = {isa = PBXBuildFile; fileRef = 18F5C2062546828A00C7B952 /* E.wav */; };
		18F5C20E2546828A00C7B952 /* D.wav in Resources */ = {isa = PBXBuildFile; fileRef = 18F5C2072546828A00C7B952 /* D.wav */; };
/* End PBXBuildFile section */

/* Begin PBXFileReference section */
		18F5C1E52546773900C7B952 /* Xylophone.app */ = {isa = PBXFileReference; explicitFileType = wrapper.application; includeInIndex = 0; path = Xylophone.app; sourceTree = BUILT_PRODUCTS_DIR; };
		18F5C1E82546773900C7B952 /* AppDelegate.swift */ = {isa = PBXFileReference; lastKnownFileType = sourcecode.swift; path = AppDelegate.swift; sourceTree = "<group>"; };
		18F5C1EA2546773900C7B952 /* SceneDelegate.swift */ = {isa = PBXFileReference; lastKnownFileType = sourcecode.swift; path = SceneDelegate.swift; sourceTree = "<group>"; };
		18F5C1EC2546773900C7B952 /* ViewController.swift */ = {isa = PBXFileReference; lastKnownFileType = sourcecode.swift; path = ViewController.swift; sourceTree = "<group>"; };
		18F5C1EF2546773900C7B952 /* Base */ = {isa = PBXFileReference; lastKnownFileType = file.storyboard; name = Base; path = Base.lproj/Main.storyboard; sourceTree = "<group>"; };
		18F5C1F12546773B00C7B952 /* Assets.xcassets */ = {isa = PBXFileReference; lastKnownFileType = folder.assetcatalog; path = Assets.xcassets; sourceTree = "<group>"; };
		18F5C1F42546773B00C7B952 /* Base */ = {isa = PBXFileReference; lastKnownFileType = file.storyboard; name = Base; path = Base.lproj/LaunchScreen.storyboard; sourceTree = "<group>"; };
		18F5C1F62546773B00C7B952 /* Info.plist */ = {isa = PBXFileReference; lastKnownFileType = text.plist.xml; path = Info.plist; sourceTree = "<group>"; };
		18F5C2012546828A00C7B952 /* A.wav */ = {isa = PBXFileReference; lastKnownFileType = audio.wav; path = A.wav; sourceTree = "<group>"; };
		18F5C2022546828A00C7B952 /* C.wav */ = {isa = PBXFileReference; lastKnownFileType = audio.wav; path = C.wav; sourceTree = "<group>"; };
		18F5C2032546828A00C7B952 /* B.wav */ = {isa = PBXFileReference; lastKnownFileType = audio.wav; path = B.wav; sourceTree = "<group>"; };
		18F5C2042546828A00C7B952 /* F.wav */ = {isa = PBXFileReference; lastKnownFileType = audio.wav; path = F.wav; sourceTree = "<group>"; };
		18F5C2052546828A00C7B952 /* G.wav */ = {isa = PBXFileReference; lastKnownFileType = audio.wav; path = G.wav; sourceTree = "<group>"; };
		18F5C2062546828A00C7B952 /* E.wav */ = {isa = PBXFileReference; lastKnownFileType = audio.wav; path = E.wav; sourceTree = "<group>"; };
		18F5C2072546828A00C7B952 /* D.wav */ = {isa = PBXFileReference; lastKnownFileType = audio.wav; path = D.wav; sourceTree = "<group>"; };
/* End PBXFileReference section */

/* Begin PBXFrameworksBuildPhase section */
		18F5C1E22546773900C7B952 /* Frameworks */ = {
			isa = PBXFrameworksBuildPhase;
			buildActionMask = 2147483647;
			files = (
			);
			runOnlyForDeploymentPostprocessing = 0;
		};
/* End PBXFrameworksBuildPhase section */

/* Begin PBXGroup section */
		18F5C1DC2546773900C7B952 = {
			isa = PBXGroup;
			children = (
				18F5C1E72546773900C7B952 /* Xylophone */,
				18F5C1E62546773900C7B952 /* Products */,
			);
			sourceTree = "<group>";
		};
		18F5C1E62546773900C7B952 /* Products */ = {
			isa = PBXGroup;
			children = (
				18F5C1E52546773900C7B952 /* Xylophone.app */,
			);
			name = Products;
			sourceTree = "<group>";
		};
		18F5C1E72546773900C7B952 /* Xylophone */ = {
			isa = PBXGroup;
			children = (
				18F5C2002546828A00C7B952 /* Sounds */,
				18F5C1E82546773900C7B952 /* AppDelegate.swift */,
				18F5C1EA2546773900C7B952 /* SceneDelegate.swift */,
				18F5C1EC2546773900C7B952 /* ViewController.swift */,
				18F5C1EE2546773900C7B952 /* Main.storyboard */,
				18F5C1F12546773B00C7B952 /* Assets.xcassets */,
				18F5C1F32546773B00C7B952 /* LaunchScreen.storyboard */,
				18F5C1F62546773B00C7B952 /* Info.plist */,
			);
			path = Xylophone;
			sourceTree = "<group>";
		};
		18F5C2002546828A00C7B952 /* Sounds */ = {
			isa = PBXGroup;
			children = (
				18F5C2012546828A00C7B952 /* A.wav */,
				18F5C2022546828A00C7B952 /* C.wav */,
				18F5C2032546828A00C7B952 /* B.wav */,
				18F5C2042546828A00C7B952 /* F.wav */,
				18F5C2052546828A00C7B952 /* G.wav */,
				18F5C2062546828A00C7B952 /* E.wav */,
				18F5C2072546828A00C7B952 /* D.wav */,
			);
			path = Sounds;
			sourceTree = "<group>";
		};
/* End PBXGroup section */

/* Begin PBXNativeTarget section */
		18F5C1E42546773900C7B952 /* Xylophone */ = {
			isa = PBXNativeTarget;
			buildConfigurationList = 18F5C1F92546773B00C7B952 /* Build configuration list for PBXNativeTarget "Xylophone" */;
			buildPhases = (
				18F5C1E12546773900C7B952 /* Sources */,
				18F5C1E22546773900C7B952 /* Frameworks */,
				18F5C1E32546773900C7B952 /* Resources */,
			);
			buildRules = (
			);
			dependencies = (
			);
			name = Xylophone;
			productName = Xylophone;
			productReference = 18F5C1E52546773900C7B952 /* Xylophone.app */;
			productType = "com.apple.product-type.application";
		};
/* End PBXNativeTarget section */

/* Begin PBXProject section */
		18F5C1DD2546773900C7B952 /* Project object */ = {
			isa = PBXProject;
			attributes = {
				LastSwiftUpdateCheck = 1160;
				LastUpgradeCheck = 1160;
				ORGANIZATIONNAME = "Saliya Ediriweera";
				TargetAttributes = {
					18F5C1E42546773900C7B952 = {
						CreatedOnToolsVersion = 11.6;
					};
				};
			};
			buildConfigurationList = 18F5C1E02546773900C7B952 /* Build configuration list for PBXProject "Xylophone" */;
			compatibilityVersion = "Xcode 9.3";
			developmentRegion = en;
			hasScannedForEncodings = 0;
			knownRegions = (
				en,
				Base,
			);
			mainGroup = 18F5C1DC2546773900C7B952;
			productRefGroup = 18F5C1E62546773900C7B952 /* Products */;
			projectDirPath = "";
			projectRoot = "";
			targets = (
				18F5C1E42546773900C7B952 /* Xylophone */,
			);
		};
/* End PBXProject section */

/* Begin PBXResourcesBuildPhase section */
		18F5C1E32546773900C7B952 /* Resources */ = {
			isa = PBXResourcesBuildPhase;
			buildActionMask = 2147483647;
			files = (
				18F5C20C2546828A00C7B952 /* G.wav in Resources */,
				18F5C1F52546773B00C7B952 /* LaunchScreen.storyboard in Resources */,
				18F5C20B2546828A00C7B952 /* F.wav in Resources */,
				18F5C1F22546773B00C7B952 /* Assets.xcassets in Resources */,
				18F5C2082546828A00C7B952 /* A.wav in Resources */,
				18F5C20A2546828A00C7B952 /* B.wav in Resources */,
				18F5C20D2546828A00C7B952 /* E.wav in Resources */,
				18F5C20E2546828A00C7B952 /* D.wav in Resources */,
				18F5C1F02546773900C7B952 /* Main.storyboard in Resources */,
				18F5C2092546828A00C7B952 /* C.wav in Resources */,
			);
			runOnlyForDeploymentPostprocessing = 0;
		};
/* End PBXResourcesBuildPhase section */

/* Begin PBXSourcesBuildPhase section */
		18F5C1E12546773900C7B952 /* Sources */ = {
			isa = PBXSourcesBuildPhase;
			buildActionMask = 2147483647;
			files = (
				18F5C1ED2546773900C7B952 /* ViewController.swift in Sources */,
				18F5C1E92546773900C7B952 /* AppDelegate.swift in Sources */,
				18F5C1EB2546773900C7B952 /* SceneDelegate.swift in Sources */,
			);
			runOnlyForDeploymentPostprocessing = 0;
		};
/* End PBXSourcesBuildPhase section */

/* Begin PBXVariantGroup section */
		18F5C1EE2546773900C7B952 /* Main.storyboard */ = {
			isa = PBXVariantGroup;
			children = (
				18F5C1EF2546773900C7B952 /* Base */,
			);
			name = Main.storyboard;
			sourceTree = "<group>";
		};
		18F5C1F32546773B00C7B952 /* LaunchScreen.storyboard */ = {
			isa = PBXVariantGroup;
			children = (
				18F5C1F42546773B00C7B952 /* Base */,
			);
			name = LaunchScreen.storyboard;
			sourceTree = "<group>";
		};
/* End PBXVariantGroup section */

/* Begin XCBuildConfiguration section */
		18F5C1F72546773B00C7B952 /* Debug */ = {
			isa = XCBuildConfiguration;
			buildSettings = {
				ALWAYS_SEARCH_USER_PATHS = NO;
				CLANG_ANALYZER_NONNULL = YES;
				CLANG_ANALYZER_NUMBER_OBJECT_CONVERSION = YES_AGGRESSIVE;
				CLANG_CXX_LANGUAGE_STANDARD = "gnu++14";
				CLANG_CXX_LIBRARY = "libc++";
				CLANG_ENABLE_MODULES = YES;
				CLANG_ENABLE_OBJC_ARC = YES;
				CLANG_ENABLE_OBJC_WEAK = YES;
				CLANG_WARN_BLOCK_CAPTURE_AUTORELEASING = YES;
				CLANG_WARN_BOOL_CONVERSION = YES;
				CLANG_WARN_COMMA = YES;
				CLANG_WARN_CONSTANT_CONVERSION = YES;
				CLANG_WARN_DEPRECATED_OBJC_IMPLEMENTATIONS = YES;
				CLANG_WARN_DIRECT_OBJC_ISA_USAGE = YES_ERROR;
				CLANG_WARN_DOCUMENTATION_COMMENTS = YES;
				CLANG_WARN_EMPTY_BODY = YES;
				CLANG_WARN_ENUM_CONVERSION = YES;
				CLANG_WARN_INFINITE_RECURSION = YES;
				CLANG_WARN_INT_CONVERSION = YES;
				CLANG_WARN_NON_LITERAL_NULL_CONVERSION = YES;
				CLANG_WARN_OBJC_IMPLICIT_RETAIN_SELF = YES;
				CLANG_WARN_OBJC_LITERAL_CONVERSION = YES;
				CLANG_WARN_OBJC_ROOT_CLASS = YES_ERROR;
				CLANG_WARN_RANGE_LOOP_ANALYSIS = YES;
				CLANG_WARN_STRICT_PROTOTYPES = YES;
				CLANG_WARN_SUSPICIOUS_MOVE = YES;
				CLANG_WARN_UNGUARDED_AVAILABILITY = YES_AGGRESSIVE;
				CLANG_WARN_UNREACHABLE_CODE = YES;
				CLANG_WARN__DUPLICATE_METHOD_MATCH = YES;
				COPY_PHASE_STRIP = NO;
				DEBUG_INFORMATION_FORMAT = dwarf;
				ENABLE_STRICT_OBJC_MSGSEND = YES;
				ENABLE_TESTABILITY = YES;
				GCC_C_LANGUAGE_STANDARD = gnu11;
				GCC_DYNAMIC_NO_PIC = NO;
				GCC_NO_COMMON_BLOCKS = YES;
				GCC_OPTIMIZATION_LEVEL = 0;
				GCC_PREPROCESSOR_DEFINITIONS = (
					"DEBUG=1",
					"$(inherited)",
				);
				GCC_WARN_64_TO_32_BIT_CONVERSION = YES;
				GCC_WARN_ABOUT_RETURN_TYPE = YES_ERROR;
				GCC_WARN_UNDECLARED_SELECTOR = YES;
				GCC_WARN_UNINITIALIZED_AUTOS = YES_AGGRESSIVE;
				GCC_WARN_UNUSED_FUNCTION = YES;
				GCC_WARN_UNUSED_VARIABLE = YES;
				IPHONEOS_DEPLOYMENT_TARGET = 13.6;
				MTL_ENABLE_DEBUG_INFO = INCLUDE_SOURCE;
				MTL_FAST_MATH = YES;
				ONLY_ACTIVE_ARCH = YES;
				SDKROOT = iphoneos;
				SWIFT_ACTIVE_COMPILATION_CONDITIONS = DEBUG;
				SWIFT_OPTIMIZATION_LEVEL = "-Onone";
			};
			name = Debug;
		};
		18F5C1F82546773B00C7B952 /* Release */ = {
			isa = XCBuildConfiguration;
			buildSettings = {
				ALWAYS_SEARCH_USER_PATHS = NO;
				CLANG_ANALYZER_NONNULL = YES;
				CLANG_ANALYZER_NUMBER_OBJECT_CONVERSION = YES_AGGRESSIVE;
				CLANG_CXX_LANGUAGE_STANDARD = "gnu++14";
				CLANG_CXX_LIBRARY = "libc++";
				CLANG_ENABLE_MODULES = YES;
				CLANG_ENABLE_OBJC_ARC = YES;
				CLANG_ENABLE_OBJC_WEAK = YES;
				CLANG_WARN_BLOCK_CAPTURE_AUTORELEASING = YES;
				CLANG_WARN_BOOL_CONVERSION = YES;
				CLANG_WARN_COMMA = YES;
				CLANG_WARN_CONSTANT_CONVERSION = YES;
				CLANG_WARN_DEPRECATED_OBJC_IMPLEMENTATIONS = YES;
				CLANG_WARN_DIRECT_OBJC_ISA_USAGE = YES_ERROR;
				CLANG_WARN_DOCUMENTATION_COMMENTS = YES;
				CLANG_WARN_EMPTY_BODY = YES;
				CLANG_WARN_ENUM_CONVERSION = YES;
				CLANG_WARN_INFINITE_RECURSION = YES;
				CLANG_WARN_INT_CONVERSION = YES;
				CLANG_WARN_NON_LITERAL_NULL_CONVERSION = YES;
				CLANG_WARN_OBJC_IMPLICIT_RETAIN_SELF = YES;
				CLANG_WARN_OBJC_LITERAL_CONVERSION = YES;
				CLANG_WARN_OBJC_ROOT_CLASS = YES_ERROR;
				CLANG_WARN_RANGE_LOOP_ANALYSIS = YES;
				CLANG_WARN_STRICT_PROTOTYPES = YES;
				CLANG_WARN_SUSPICIOUS_MOVE = YES;
				CLANG_WARN_UNGUARDED_AVAILABILITY = YES_AGGRESSIVE;
				CLANG_WARN_UNREACHABLE_CODE = YES;
				CLANG_WARN__DUPLICATE_METHOD_MATCH = YES;
				COPY_PHASE_STRIP = NO;
				DEBUG_INFORMATION_FORMAT = "dwarf-with-dsym";
				ENABLE_NS_ASSERTIONS = NO;
				ENABLE_STRICT_OBJC_MSGSEND = YES;
				GCC_C_LANGUAGE_STANDARD = gnu11;
				GCC_NO_COMMON_BLOCKS = YES;
				GCC_WARN_64_TO_32_BIT_CONVERSION = YES;
				GCC_WARN_ABOUT_RETURN_TYPE = YES_ERROR;
				GCC_WARN_UNDECLARED_SELECTOR = YES;
				GCC_WARN_UNINITIALIZED_AUTOS = YES_AGGRESSIVE;
				GCC_WARN_UNUSED_FUNCTION = YES;
				GCC_WARN_UNUSED_VARIABLE = YES;
				IPHONEOS_DEPLOYMENT_TARGET = 13.6;
				MTL_ENABLE_DEBUG_INFO = NO;
				MTL_FAST_MATH = YES;
				SDKROOT = iphoneos;
				SWIFT_COMPILATION_MODE = wholemodule;
				SWIFT_OPTIMIZATION_LEVEL = "-O";
				VALIDATE_PRODUCT = YES;
			};
			name = Release;
		};
		18F5C1FA2546773B00C7B952 /* Debug */ = {
			isa = XCBuildConfiguration;
			buildSettings = {
				ASSETCATALOG_COMPILER_APPICON_NAME = AppIcon;
				CODE_SIGN_STYLE = Automatic;
				INFOPLIST_FILE = Xylophone/Info.plist;
				LD_RUNPATH_SEARCH_PATHS = (
					"$(inherited)",
					"@executable_path/Frameworks",
				);
				PRODUCT_BUNDLE_IDENTIFIER = codexb.Xylophone;
				PRODUCT_NAME = "$(TARGET_NAME)";
				SWIFT_VERSION = 5.0;
				TARGETED_DEVICE_FAMILY = "1,2";
			};
			name = Debug;
		};
		18F5C1FB2546773B00C7B952 /* Release */ = {
			isa = XCBuildConfiguration;
			buildSettings = {
				ASSETCATALOG_COMPILER_APPICON_NAME = AppIcon;
				CODE_SIGN_STYLE = Automatic;
				INFOPLIST_FILE = Xylophone/Info.plist;
				LD_RUNPATH_SEARCH_PATHS = (
					"$(inherited)",
					"@executable_path/Frameworks",
				);
				PRODUCT_BUNDLE_IDENTIFIER = codexb.Xylophone;
				PRODUCT_NAME = "$(TARGET_NAME)";
				SWIFT_VERSION = 5.0;
				TARGETED_DEVICE_FAMILY = "1,2";
			};
			name = Release;
		};
/* End XCBuildConfiguration section */

/* Begin XCConfigurationList section */
		18F5C1E02546773900C7B952 /* Build configuration list for PBXProject "Xylophone" */ = {
			isa = XCConfigurationList;
			buildConfigurations = (
				18F5C1F72546773B00C7B952 /* Debug */,
				18F5C1F82546773B00C7B952 /* Release */,
			);
			defaultConfigurationIsVisible = 0;
			defaultConfigurationName = Release;
		};
		18F5C1F92546773B00C7B952 /* Build configuration list for PBXNativeTarget "Xylophone" */ = {
			isa = XCConfigurationList;
			buildConfigurations = (
				18F5C1FA2546773B00C7B952 /* Debug */,
				18F5C1FB2546773B00C7B952 /* Release */,
			);
			defaultConfigurationIsVisible = 0;
			defaultConfigurationName = Release;
		};
/* End XCConfigurationList section */
	};
	rootObject = 18F5C1DD2546773900C7B952 /* Project object */;
}
